
Microsoft Visual Studio Solution File, Format Version 12.00
Project("{FAE04EC0-301F-11D3-BF4B-00C04F79EFBC}") = "HappyTravel.Wakayama.Api", "HappyTravel.Wakayama.Api\HappyTravel.Wakayama.Api.csproj", "{A6906F38-3A4A-4209-BF01-F1580A7B66FE}"
EndProject
Project("{FAE04EC0-301F-11D3-BF4B-00C04F79EFBC}") = "HappyTravel.Wakayama.Updater", "HappyTravel.Wakayama.Updater\HappyTravel.Wakayama.Updater.csproj", "{9DE65BE3-7394-4E91-B6B3-0374A7EB7080}"
EndProject
Project("{FAE04EC0-301F-11D3-BF4B-00C04F79EFBC}") = "HappyTravel.Wakayama.Common", "HappyTravel.Wakayama.Common\HappyTravel.Wakayama.Common.csproj", "{C8E7CCBD-52DE-4154-8DD1-A8F4A788FFCC}"
EndProject
Global
	GlobalSection(SolutionConfigurationPlatforms) = preSolution
		Debug|Any CPU = Debug|Any CPU
		Release|Any CPU = Release|Any CPU
	EndGlobalSection
	GlobalSection(ProjectConfigurationPlatforms) = postSolution
		{A6906F38-3A4A-4209-BF01-F1580A7B66FE}.Debug|Any CPU.ActiveCfg = Debug|Any CPU
		{A6906F38-3A4A-4209-BF01-F1580A7B66FE}.Debug|Any CPU.Build.0 = Debug|Any CPU
		{A6906F38-3A4A-4209-BF01-F1580A7B66FE}.Release|Any CPU.ActiveCfg = Release|Any CPU
		{A6906F38-3A4A-4209-BF01-F1580A7B66FE}.Release|Any CPU.Build.0 = Release|Any CPU
		{9DE65BE3-7394-4E91-B6B3-0374A7EB7080}.Debug|Any CPU.ActiveCfg = Debug|Any CPU
		{9DE65BE3-7394-4E91-B6B3-0374A7EB7080}.Debug|Any CPU.Build.0 = Debug|Any CPU
		{9DE65BE3-7394-4E91-B6B3-0374A7EB7080}.Release|Any CPU.ActiveCfg = Release|Any CPU
		{9DE65BE3-7394-4E91-B6B3-0374A7EB7080}.Release|Any CPU.Build.0 = Release|Any CPU
		{C8E7CCBD-52DE-4154-8DD1-A8F4A788FFCC}.Debug|Any CPU.ActiveCfg = Debug|Any CPU
		{C8E7CCBD-52DE-4154-8DD1-A8F4A788FFCC}.Debug|Any CPU.Build.0 = Debug|Any CPU
		{C8E7CCBD-52DE-4154-8DD1-A8F4A788FFCC}.Release|Any CPU.ActiveCfg = Release|Any CPU
		{C8E7CCBD-52DE-4154-8DD1-A8F4A788FFCC}.Release|Any CPU.Build.0 = Release|Any CPU
	EndGlobalSection
EndGlobal
